
Microsoft Visual Studio Solution File, Format Version 12.00
Project("{FAE04EC0-301F-11D3-BF4B-00C04F79EFBC}") = "DevicesControl", "DevicesControl\DevicesControl.csproj", "{1BA23701-5F20-4800-A0A6-72D976C8AB55}"
EndProject
Project("{FAE04EC0-301F-11D3-BF4B-00C04F79EFBC}") = "TestProject1", "TestProject1\TestProject1.csproj", "{DB87E9B7-A3E9-46B9-93FC-8C4C80D7491C}"
EndProject
Global
	GlobalSection(SolutionConfigurationPlatforms) = preSolution
		Debug|Any CPU = Debug|Any CPU
		Release|Any CPU = Release|Any CPU
	EndGlobalSection
	GlobalSection(ProjectConfigurationPlatforms) = postSolution
		{1BA23701-5F20-4800-A0A6-72D976C8AB55}.Debug|Any CPU.ActiveCfg = Debug|Any CPU
		{1BA23701-5F20-4800-A0A6-72D976C8AB55}.Debug|Any CPU.Build.0 = Debug|Any CPU
		{1BA23701-5F20-4800-A0A6-72D976C8AB55}.Release|Any CPU.ActiveCfg = Release|Any CPU
		{1BA23701-5F20-4800-A0A6-72D976C8AB55}.Release|Any CPU.Build.0 = Release|Any CPU
		{DB87E9B7-A3E9-46B9-93FC-8C4C80D7491C}.Debug|Any CPU.ActiveCfg = Debug|Any CPU
		{DB87E9B7-A3E9-46B9-93FC-8C4C80D7491C}.Debug|Any CPU.Build.0 = Debug|Any CPU
		{DB87E9B7-A3E9-46B9-93FC-8C4C80D7491C}.Release|Any CPU.ActiveCfg = Release|Any CPU
		{DB87E9B7-A3E9-46B9-93FC-8C4C80D7491C}.Release|Any CPU.Build.0 = Release|Any CPU
	EndGlobalSection
EndGlobal
